github.com/kataras/golog v0.1.5 h1:WbXu2rUc3yX/QB2mcNP5AjR64UlaaxkYrGMkO58T4Js=
github.com/kataras/golog v0.1.5/go.mod h1:jOSQ+C5fUqsNSwurB/oAHq1IFSb0KI3l6GMa7xB6dZA=
github.com/kataras/pio v0.0.10 h1:b0qtPUqOpM2O+bqa5wr2O6dN4cQNwSmFd6HQqgVae0g=
github.com/kataras/pio v0.0.10/go.mod h1:gS3ui9xSD+lAUpbYnjOGiQyY7sUMJO+EHpiRzhtZ5no=
